
Microsoft Visual Studio Solution File, Format Version 12.00
# Visual Studio Version 17
VisualStudioVersion = 17.7.34031.279
MinimumVisualStudioVersion = 10.0.40219.1
Project("{FAE04EC0-301F-11D3-BF4B-00C04F79EFBC}") = "ISAAC-NEWTON.Android", "ISAAC-NEWTON\ISAAC-NEWTON.Android\ISAAC-NEWTON.Android.csproj", "{635B75E9-E38E-4A30-B278-C1BE6FFC7F29}"
EndProject
Project("{FAE04EC0-301F-11D3-BF4B-00C04F79EFBC}") = "ISAAC-NEWTON", "ISAAC-NEWTON\ISAAC-NEWTON\ISAAC-NEWTON.csproj", "{F9C83D1C-19BC-44C8-A992-B79EC8A77C32}"
EndProject
Global
	GlobalSection(SolutionConfigurationPlatforms) = preSolution
		Debug|Any CPU = Debug|Any CPU
		Release|Any CPU = Release|Any CPU
	EndGlobalSection
	GlobalSection(ProjectConfigurationPlatforms) = postSolution
		{635B75E9-E38E-4A30-B278-C1BE6FFC7F29}.Debug|Any CPU.ActiveCfg = Debug|Any CPU
		{635B75E9-E38E-4A30-B278-C1BE6FFC7F29}.Debug|Any CPU.Build.0 = Debug|Any CPU
		{635B75E9-E38E-4A30-B278-C1BE6FFC7F29}.Debug|Any CPU.Deploy.0 = Debug|Any CPU
		{635B75E9-E38E-4A30-B278-C1BE6FFC7F29}.Release|Any CPU.ActiveCfg = Release|Any CPU
		{635B75E9-E38E-4A30-B278-C1BE6FFC7F29}.Release|Any CPU.Build.0 = Release|Any CPU
		{635B75E9-E38E-4A30-B278-C1BE6FFC7F29}.Release|Any CPU.Deploy.0 = Release|Any CPU
		{F9C83D1C-19BC-44C8-A992-B79EC8A77C32}.Debug|Any CPU.ActiveCfg = Debug|Any CPU
		{F9C83D1C-19BC-44C8-A992-B79EC8A77C32}.Debug|Any CPU.Build.0 = Debug|Any CPU
		{F9C83D1C-19BC-44C8-A992-B79EC8A77C32}.Debug|Any CPU.Deploy.0 = Debug|Any CPU
		{F9C83D1C-19BC-44C8-A992-B79EC8A77C32}.Release|Any CPU.ActiveCfg = Release|Any CPU
		{F9C83D1C-19BC-44C8-A992-B79EC8A77C32}.Release|Any CPU.Build.0 = Release|Any CPU
		{F9C83D1C-19BC-44C8-A992-B79EC8A77C32}.Release|Any CPU.Deploy.0 = Release|Any CPU
	EndGlobalSection
	GlobalSection(SolutionProperties) = preSolution
		HideSolutionNode = FALSE
	EndGlobalSection
	GlobalSection(ExtensibilityGlobals) = postSolution
		SolutionGuid = {C2F488CB-0271-4FBF-B7E4-0287834FE664}
	EndGlobalSection
EndGlobal
